
Microsoft Visual Studio Solution File, Format Version 12.00
# Visual Studio 15
VisualStudioVersion = 15.0.28307.705
MinimumVisualStudioVersion = 10.0.40219.1
Project("{FAE04EC0-301F-11D3-BF4B-00C04F79EFBC}") = "CompaireDocs", "CompaireDocs\CompaireDocs.csproj", "{C5152E8A-B837-46FD-ADAA-4EBD37B7E443}"
EndProject
Global
	GlobalSection(SolutionConfigurationPlatforms) = preSolution
		Debug|Any CPU = Debug|Any CPU
		Release|Any CPU = Release|Any CPU
	EndGlobalSection
	GlobalSection(ProjectConfigurationPlatforms) = postSolution
		{C5152E8A-B837-46FD-ADAA-4EBD37B7E443}.Debug|Any CPU.ActiveCfg = Debug|Any CPU
		{C5152E8A-B837-46FD-ADAA-4EBD37B7E443}.Debug|Any CPU.Build.0 = Debug|Any CPU
		{C5152E8A-B837-46FD-ADAA-4EBD37B7E443}.Release|Any CPU.ActiveCfg = Release|Any CPU
		{C5152E8A-B837-46FD-ADAA-4EBD37B7E443}.Release|Any CPU.Build.0 = Release|Any CPU
	EndGlobalSection
	GlobalSection(SolutionProperties) = preSolution
		HideSolutionNode = FALSE
	EndGlobalSection
	GlobalSection(ExtensibilityGlobals) = postSolution
		SolutionGuid = {6213CD32-334A-4793-9962-F15F5467E7F1}
	EndGlobalSection
EndGlobal
